
Microsoft Visual Studio Solution File, Format Version 12.00
# Visual Studio Version 17
VisualStudioVersion = 17.8.34330.188
MinimumVisualStudioVersion = 10.0.40219.1
Project("{FAE04EC0-301F-11D3-BF4B-00C04F79EFBC}") = "DkVision.UI", "DkVision.UI\DkVision.UI.csproj", "{154C56C1-2B2D-4A95-9E4B-0AE497439736}"
EndProject
Project("{FAE04EC0-301F-11D3-BF4B-00C04F79EFBC}") = "DkVision.Core", "DkVision.Core\DkVision.Core.csproj", "{A6DB7EFF-3F4A-4233-8752-C2BA2943F840}"
EndProject
Global
	GlobalSection(SolutionConfigurationPlatforms) = preSolution
		Debug|Any CPU = Debug|Any CPU
		Release|Any CPU = Release|Any CPU
	EndGlobalSection
	GlobalSection(ProjectConfigurationPlatforms) = postSolution
		{154C56C1-2B2D-4A95-9E4B-0AE497439736}.Debug|Any CPU.ActiveCfg = Debug|Any CPU
		{154C56C1-2B2D-4A95-9E4B-0AE497439736}.Debug|Any CPU.Build.0 = Debug|Any CPU
		{154C56C1-2B2D-4A95-9E4B-0AE497439736}.Release|Any CPU.ActiveCfg = Release|Any CPU
		{154C56C1-2B2D-4A95-9E4B-0AE497439736}.Release|Any CPU.Build.0 = Release|Any CPU
		{A6DB7EFF-3F4A-4233-8752-C2BA2943F840}.Debug|Any CPU.ActiveCfg = Debug|Any CPU
		{A6DB7EFF-3F4A-4233-8752-C2BA2943F840}.Debug|Any CPU.Build.0 = Debug|Any CPU
		{A6DB7EFF-3F4A-4233-8752-C2BA2943F840}.Release|Any CPU.ActiveCfg = Release|Any CPU
		{A6DB7EFF-3F4A-4233-8752-C2BA2943F840}.Release|Any CPU.Build.0 = Release|Any CPU
	EndGlobalSection
	GlobalSection(SolutionProperties) = preSolution
		HideSolutionNode = FALSE
	EndGlobalSection
	GlobalSection(ExtensibilityGlobals) = postSolution
		SolutionGuid = {D468E931-38D1-48AC-A007-770127145B9B}
	EndGlobalSection
EndGlobal
